
Microsoft Visual Studio Solution File, Format Version 12.00
# Visual Studio 2015
Project("{FAE04EC0-301F-11D3-BF4B-00C04F79EFBC}") = "teamproject.CSharp", "teamproject.CSharp.csproj", "{56BB6838-AF56-8CAB-9B1B-F83E4D0C7D32}"
EndProject
Project("{FAE04EC0-301F-11D3-BF4B-00C04F79EFBC}") = "teamproject.CSharp.Editor", "teamproject.CSharp.Editor.csproj", "{3FA4EB28-5DDA-E921-AFCC-7C85D8C53A4D}"
EndProject
Global
	GlobalSection(SolutionConfigurationPlatforms) = preSolution
		Debug|Any CPU = Debug|Any CPU
		Release|Any CPU = Release|Any CPU
	EndGlobalSection
	GlobalSection(ProjectConfigurationPlatforms) = postSolution
		{56BB6838-AF56-8CAB-9B1B-F83E4D0C7D32}.Debug|Any CPU.ActiveCfg = Debug|Any CPU
		{56BB6838-AF56-8CAB-9B1B-F83E4D0C7D32}.Debug|Any CPU.Build.0 = Debug|Any CPU
		{56BB6838-AF56-8CAB-9B1B-F83E4D0C7D32}.Release|Any CPU.ActiveCfg = Release|Any CPU
		{56BB6838-AF56-8CAB-9B1B-F83E4D0C7D32}.Release|Any CPU.Build.0 = Release|Any CPU
		{3FA4EB28-5DDA-E921-AFCC-7C85D8C53A4D}.Debug|Any CPU.ActiveCfg = Debug|Any CPU
		{3FA4EB28-5DDA-E921-AFCC-7C85D8C53A4D}.Debug|Any CPU.Build.0 = Debug|Any CPU
		{3FA4EB28-5DDA-E921-AFCC-7C85D8C53A4D}.Release|Any CPU.ActiveCfg = Release|Any CPU
		{3FA4EB28-5DDA-E921-AFCC-7C85D8C53A4D}.Release|Any CPU.Build.0 = Release|Any CPU
	EndGlobalSection
	GlobalSection(SolutionProperties) = preSolution
		HideSolutionNode = FALSE
	EndGlobalSection
EndGlobal
